# This file is automatically @generated by Cargo.
# It is not intended for manual editing.
version = 4

[[package]]
name = "libc"
version = "0.2.189"
source = "registry+https://github.com/rust-lang/crates.io-index"
checksum = "3eaf3ede3fee6db1a4c2ee091bf8a8b4dccdc6d17f656fb07896ee72867612f2"

[[package]]
name = "sensor-bmp280"
version = "0.1.0"
dependencies = [
 "sensor-core",
 "sensor-fake",
]

[[package]]
name = "sensor-core"
version = "0.1.0"

[[package]]
name = "sensor-ds18b20"
version = "0.1.0"
dependencies = [
 "sensor-core",
 "sensor-fake",
]

[[package]]
name = "sensor-fake"
version = "0.1.0"
dependencies = [
 "sensor-core",
]

[[package]]
name = "sensor-hcsr04"
version = "0.1.0"
dependencies = [
 "sensor-core",
 "sensor-fake",
]

[[package]]
name = "sensor-linux"
version = "0.1.0"
dependencies = [
 "libc",
 "sensor-bmp280",
 "sensor-core",
 "sensor-ds18b20",
 "sensor-hcsr04",
 "sensor-pcf8591",
]

[[package]]
name = "sensor-pcf8591"
version = "0.1.0"
dependencies = [
 "sensor-core",
 "sensor-fake",
]
